// !$*UTF8*$!
{
	archiveVersion = 1;
	classes = {
	};
	objectVersion = 46;
	objects = {

/* Begin PBXBuildFile section */
		0471D4761D2765FC005B0A2D /* main.m in Sources */ = {isa = PBXBuildFile; fileRef = 0471D4751D2765FC005B0A2D /* main.m */; };
		0471D4791D2765FC005B0A2D /* AppDelegate.m in Sources */ = {isa = PBXBuildFile; fileRef = 0471D4781D2765FC005B0A2D /* AppDelegate.m */; };
		0471D4841D2765FC005B0A2D /* Assets.xcassets in Resources */ = {isa = PBXBuildFile; fileRef = 0471D4831D2765FC005B0A2D /* Assets.xcassets */; };
		0471D4871D2765FC005B0A2D /* LaunchScreen.storyboard in Resources */ = {isa = PBXBuildFile; fileRef = 0471D4851D2765FC005B0A2D /* LaunchScreen.storyboard */; };
		0471D4971D2766C3005B0A2D /* WelcomeViewController.m in Sources */ = {isa = PBXBuildFile; fileRef = 0471D4931D2766C3005B0A2D /* WelcomeViewController.m */; };
		0471D49E1D2774E4005B0A2D /* RequestTool.m in Sources */ = {isa = PBXBuildFile; fileRef = 0471D49D1D2774E4005B0A2D /* RequestTool.m */; };
		0471D4AD1D278D27005B0A2D /* welcome.png in Resources */ = {isa = PBXBuildFile; fileRef = 0471D4AC1D278D27005B0A2D /* welcome.png */; };
		0471D4BB1D27ADCB005B0A2D /* CommunityViewController.m in Sources */ = {isa = PBXBuildFile; fileRef = 0471D4BA1D27ADCB005B0A2D /* CommunityViewController.m */; };
		0471D4BE1D27ADE7005B0A2D /* SpecialViewController.m in Sources */ = {isa = PBXBuildFile; fileRef = 0471D4BD1D27ADE7005B0A2D /* SpecialViewController.m */; };
		0471D4C11D27AE07005B0A2D /* CollecationViewController.m in Sources */ = {isa = PBXBuildFile; fileRef = 0471D4C01D27AE07005B0A2D /* CollecationViewController.m */; };
		04A207D71D29260700DD7117 /* RequestClient.m in Sources */ = {isa = PBXBuildFile; fileRef = 04A207D61D29260700DD7117 /* RequestClient.m */; };
		04A207EC1D29291D00DD7117 /* bottom_dapei_icon_on@2x.png in Resources */ = {isa = PBXBuildFile; fileRef = 04A207D81D29291D00DD7117 /* bottom_dapei_icon_on@2x.png */; };
		04A207EE1D29291D00DD7117 /* bottom_dapei_icon@2x.png in Resources */ = {isa = PBXBuildFile; fileRef = 04A207DA1D29291D00DD7117 /* bottom_dapei_icon@2x.png */; };
		04A207F01D29291D00DD7117 /* bottom_head_shezhi@2x.png in Resources */ = {isa = PBXBuildFile; fileRef = 04A207DC1D29291D00DD7117 /* bottom_head_shezhi@2x.png */; };
		04A207F21D29291D00DD7117 /* bottom_head_sort@2x.png in Resources */ = {isa = PBXBuildFile; fileRef = 04A207DE1D29291D00DD7117 /* bottom_head_sort@2x.png */; };
		04A207F41D29291D00DD7117 /* bottom_home_icon_on@2x.png in Resources */ = {isa = PBXBuildFile; fileRef = 04A207E01D29291D00DD7117 /* bottom_home_icon_on@2x.png */; };
		04A207F61D29291D00DD7117 /* bottom_home_icon@2x.png in Resources */ = {isa = PBXBuildFile; fileRef = 04A207E21D29291D00DD7117 /* bottom_home_icon@2x.png */; };
		04A207F81D29291D00DD7117 /* bottom_like_button_on@2x.png in Resources */ = {isa = PBXBuildFile; fileRef = 04A207E41D29291D00DD7117 /* bottom_like_button_on@2x.png */; };
		04A207FA1D29291D00DD7117 /* bottom_like_button@2x.png in Resources */ = {isa = PBXBuildFile; fileRef = 04A207E61D29291D00DD7117 /* bottom_like_button@2x.png */; };
		04A207FC1D29291D00DD7117 /* bottom_like_icon_on@2x.png in Resources */ = {isa = PBXBuildFile; fileRef = 04A207E81D29291D00DD7117 /* bottom_like_icon_on@2x.png */; };
		04A207FE1D29291D00DD7117 /* bottom_like_icon@2x.png in Resources */ = {isa = PBXBuildFile; fileRef = 04A207EA1D29291D00DD7117 /* bottom_like_icon@2x.png */; };
		04A208051D292A8000DD7117 /* MainViewController.m in Sources */ = {isa = PBXBuildFile; fileRef = 04A208041D292A8000DD7117 /* MainViewController.m */; };
		04A208091D292ADE00DD7117 /* ManViewController.m in Sources */ = {isa = PBXBuildFile; fileRef = 04A208081D292ADE00DD7117 /* ManViewController.m */; };
		04A2080C1D292AEF00DD7117 /* ShoppingViewController.m in Sources */ = {isa = PBXBuildFile; fileRef = 04A2080B1D292AEF00DD7117 /* ShoppingViewController.m */; };
		04A2080E1D292F8F00DD7117 /* button_pull_home@2x.png in Resources */ = {isa = PBXBuildFile; fileRef = 04A2080D1D292F8F00DD7117 /* button_pull_home@2x.png */; };
		04A208101D292FBB00DD7117 /* bottom_shopping_icon_on@2x.png in Resources */ = {isa = PBXBuildFile; fileRef = 04A2080F1D292FBB00DD7117 /* bottom_shopping_icon_on@2x.png */; };
		D7D032B877DDD0B57E8F5DDA /* libPods-StarCloset.a in Frameworks */ = {isa = PBXBuildFile; fileRef = 5BD79B2C340CA1F19041F115 /* libPods-StarCloset.a */; };
/* End PBXBuildFile section */

/* Begin PBXFileReference section */
		0471D4711D2765FC005B0A2D /* StarCloset.app */ = {isa = PBXFileReference; explicitFileType = wrapper.application; includeInIndex = 0; path = StarCloset.app; sourceTree = BUILT_PRODUCTS_DIR; };
		0471D4751D2765FC005B0A2D /* main.m */ = {isa = PBXFileReference; lastKnownFileType = sourcecode.c.objc; path = main.m; sourceTree = "<group>"; };
		0471D4771D2765FC005B0A2D /* AppDelegate.h */ = {isa = PBXFileReference; lastKnownFileType = sourcecode.c.h; path = AppDelegate.h; sourceTree = "<group>"; };
		0471D4781D2765FC005B0A2D /* AppDelegate.m */ = {isa = PBXFileReference; lastKnownFileType = sourcecode.c.objc; path = AppDelegate.m; sourceTree = "<group>"; };
		0471D4831D2765FC005B0A2D /* Assets.xcassets */ = {isa = PBXFileReference; lastKnownFileType = folder.assetcatalog; path = Assets.xcassets; sourceTree = "<group>"; };
		0471D4861D2765FC005B0A2D /* Base */ = {isa = PBXFileReference; lastKnownFileType = file.storyboard; name = Base; path = Base.lproj/LaunchScreen.storyboard; sourceTree = "<group>"; };
		0471D4881D2765FC005B0A2D /* Info.plist */ = {isa = PBXFileReference; lastKnownFileType = text.plist.xml; path = Info.plist; sourceTree = "<group>"; };
		0471D4921D2766C3005B0A2D /* WelcomeViewController.h */ = {isa = PBXFileReference; fileEncoding = 4; lastKnownFileType = sourcecode.c.h; path = WelcomeViewController.h; sourceTree = "<group>"; };
		0471D4931D2766C3005B0A2D /* WelcomeViewController.m */ = {isa = PBXFileReference; fileEncoding = 4; lastKnownFileType = sourcecode.c.objc; path = WelcomeViewController.m; sourceTree = "<group>"; };
		0471D4981D2771F7005B0A2D /* PrefixHeader.pch */ = {isa = PBXFileReference; fileEncoding = 4; lastKnownFileType = sourcecode.c.h; path = PrefixHeader.pch; sourceTree = "<group>"; };
		0471D4991D277203005B0A2D /* Header.h */ = {isa = PBXFileReference; fileEncoding = 4; lastKnownFileType = sourcecode.c.h; path = Header.h; sourceTree = "<group>"; };
		0471D49C1D2774E4005B0A2D /* RequestTool.h */ = {isa = PBXFileReference; fileEncoding = 4; lastKnownFileType = sourcecode.c.h; path = RequestTool.h; sourceTree = "<group>"; };
		0471D49D1D2774E4005B0A2D /* RequestTool.m */ = {isa = PBXFileReference; fileEncoding = 4; lastKnownFileType = sourcecode.c.objc; path = RequestTool.m; sourceTree = "<group>"; };
		0471D4AC1D278D27005B0A2D /* welcome.png */ = {isa = PBXFileReference; lastKnownFileType = image.png; path = welcome.png; sourceTree = "<group>"; };
		0471D4B91D27ADCB005B0A2D /* CommunityViewController.h */ = {isa = PBXFileReference; fileEncoding = 4; lastKnownFileType = sourcecode.c.h; path = CommunityViewController.h; sourceTree = "<group>"; };
		0471D4BA1D27ADCB005B0A2D /* CommunityViewController.m */ = {isa = PBXFileReference; fileEncoding = 4; lastKnownFileType = sourcecode.c.objc; path = CommunityViewController.m; sourceTree = "<group>"; };
		0471D4BC1D27ADE7005B0A2D /* SpecialViewController.h */ = {isa = PBXFileReference; fileEncoding = 4; lastKnownFileType = sourcecode.c.h; path = SpecialViewController.h; sourceTree = "<group>"; };
		0471D4BD1D27ADE7005B0A2D /* SpecialViewController.m */ = {isa = PBXFileReference; fileEncoding = 4; lastKnownFileType = sourcecode.c.objc; path = SpecialViewController.m; sourceTree = "<group>"; };
		0471D4BF1D27AE07005B0A2D /* CollecationViewController.h */ = {isa = PBXFileReference; fileEncoding = 4; lastKnownFileType = sourcecode.c.h; path = CollecationViewController.h; sourceTree = "<group>"; };
		0471D4C01D27AE07005B0A2D /* CollecationViewController.m */ = {isa = PBXFileReference; fileEncoding = 4; lastKnownFileType = sourcecode.c.objc; path = CollecationViewController.m; sourceTree = "<group>"; };
		0471D4C41D27C09A005B0A2D /* Config.h */ = {isa = PBXFileReference; fileEncoding = 4; lastKnownFileType = sourcecode.c.h; path = Config.h; sourceTree = "<group>"; };
		04A207D51D29260700DD7117 /* RequestClient.h */ = {isa = PBXFileReference; fileEncoding = 4; lastKnownFileType = sourcecode.c.h; path = RequestClient.h; sourceTree = "<group>"; };
		04A207D61D29260700DD7117 /* RequestClient.m */ = {isa = PBXFileReference; fileEncoding = 4; lastKnownFileType = sourcecode.c.objc; path = RequestClient.m; sourceTree = "<group>"; };
		04A207D81D29291D00DD7117 /* bottom_dapei_icon_on@2x.png */ = {isa = PBXFileReference; lastKnownFileType = image.png; path = "bottom_dapei_icon_on@2x.png"; sourceTree = "<group>"; };
		04A207DA1D29291D00DD7117 /* bottom_dapei_icon@2x.png */ = {isa = PBXFileReference; lastKnownFileType = image.png; path = "bottom_dapei_icon@2x.png"; sourceTree = "<group>"; };
		04A207DC1D29291D00DD7117 /* bottom_head_shezhi@2x.png */ = {isa = PBXFileReference; lastKnownFileType = image.png; path = "bottom_head_shezhi@2x.png"; sourceTree = "<group>"; };
		04A207DE1D29291D00DD7117 /* bottom_head_sort@2x.png */ = {isa = PBXFileReference; lastKnownFileType = image.png; path = "bottom_head_sort@2x.png"; sourceTree = "<group>"; };
		04A207E01D29291D00DD7117 /* bottom_home_icon_on@2x.png */ = {isa = PBXFileReference; lastKnownFileType = image.png; path = "bottom_home_icon_on@2x.png"; sourceTree = "<group>"; };
		04A207E21D29291D00DD7117 /* bottom_home_icon@2x.png */ = {isa = PBXFileReference; lastKnownFileType = image.png; path = "bottom_home_icon@2x.png"; sourceTree = "<group>"; };
		04A207E41D29291D00DD7117 /* bottom_like_button_on@2x.png */ = {isa = PBXFileReference; lastKnownFileType = image.png; path = "bottom_like_button_on@2x.png"; sourceTree = "<group>"; };
		04A207E61D29291D00DD7117 /* bottom_like_button@2x.png */ = {isa = PBXFileReference; lastKnownFileType = image.png; path = "bottom_like_button@2x.png"; sourceTree = "<group>"; };
		04A207E81D29291D00DD7117 /* bottom_like_icon_on@2x.png */ = {isa = PBXFileReference; lastKnownFileType = image.png; path = "bottom_like_icon_on@2x.png"; sourceTree = "<group>"; };
		04A207EA1D29291D00DD7117 /* bottom_like_icon@2x.png */ = {isa = PBXFileReference; lastKnownFileType = image.png; path = "bottom_like_icon@2x.png"; sourceTree = "<group>"; };
		04A208031D292A8000DD7117 /* MainViewController.h */ = {isa = PBXFileReference; fileEncoding = 4; lastKnownFileType = sourcecode.c.h; path = MainViewController.h; sourceTree = "<group>"; };
		04A208041D292A8000DD7117 /* MainViewController.m */ = {isa = PBXFileReference; fileEncoding = 4; lastKnownFileType = sourcecode.c.objc; path = MainViewController.m; sourceTree = "<group>"; };
		04A208071D292ADD00DD7117 /* ManViewController.h */ = {isa = PBXFileReference; fileEncoding = 4; lastKnownFileType = sourcecode.c.h; path = ManViewController.h; sourceTree = "<group>"; };
		04A208081D292ADE00DD7117 /* ManViewController.m */ = {isa = PBXFileReference; fileEncoding = 4; lastKnownFileType = sourcecode.c.objc; path = ManViewController.m; sourceTree = "<group>"; };
		04A2080A1D292AEF00DD7117 /* ShoppingViewController.h */ = {isa = PBXFileReference; fileEncoding = 4; lastKnownFileType = sourcecode.c.h; path = ShoppingViewController.h; sourceTree = "<group>"; };
		04A2080B1D292AEF00DD7117 /* ShoppingViewController.m */ = {isa = PBXFileReference; fileEncoding = 4; lastKnownFileType = sourcecode.c.objc; path = ShoppingViewController.m; sourceTree = "<group>"; };
		04A2080D1D292F8F00DD7117 /* button_pull_home@2x.png */ = {isa = PBXFileReference; lastKnownFileType = image.png; path = "button_pull_home@2x.png"; sourceTree = "<group>"; };
		04A2080F1D292FBB00DD7117 /* bottom_shopping_icon_on@2x.png */ = {isa = PBXFileReference; lastKnownFileType = image.png; path = "bottom_shopping_icon_on@2x.png"; sourceTree = "<group>"; };
		04A208111D2930B200DD7117 /* StarClosetURL.h */ = {isa = PBXFileReference; fileEncoding = 4; lastKnownFileType = sourcecode.c.h; path = StarClosetURL.h; sourceTree = "<group>"; };
		326CD89BCE74B8F418DAFC22 /* Pods-StarCloset.debug.xcconfig */ = {isa = PBXFileReference; includeInIndex = 1; lastKnownFileType = text.xcconfig; name = "Pods-StarCloset.debug.xcconfig"; path = "Pods/Target Support Files/Pods-StarCloset/Pods-StarCloset.debug.xcconfig"; sourceTree = "<group>"; };
		5BD79B2C340CA1F19041F115 /* libPods-StarCloset.a */ = {isa = PBXFileReference; explicitFileType = archive.ar; includeInIndex = 0; path = "libPods-StarCloset.a"; sourceTree = BUILT_PRODUCTS_DIR; };
		DC024F58A0C2CBAD4C62AECC /* Pods-StarCloset.release.xcconfig */ = {isa = PBXFileReference; includeInIndex = 1; lastKnownFileType = text.xcconfig; name = "Pods-StarCloset.release.xcconfig"; path = "Pods/Target Support Files/Pods-StarCloset/Pods-StarCloset.release.xcconfig"; sourceTree = "<group>"; };
/* End PBXFileReference section */

/* Begin PBXFrameworksBuildPhase section */
		0471D46E1D2765FC005B0A2D /* Frameworks */ = {
			isa = PBXFrameworksBuildPhase;
			buildActionMask = 2147483647;
			files = (
				D7D032B877DDD0B57E8F5DDA /* libPods-StarCloset.a in Frameworks */,
			);
			runOnlyForDeploymentPostprocessing = 0;
		};
/* End PBXFrameworksBuildPhase section */

/* Begin PBXGroup section */
		0471D4681D2765FC005B0A2D = {
			isa = PBXGroup;
			children = (
				0471D4731D2765FC005B0A2D /* StarCloset */,
				0471D4721D2765FC005B0A2D /* Products */,
				BAA1905F12E8180FB494365D /* Pods */,
				53AED9C014F4EBD11FFE7009 /* Frameworks */,
			);
			sourceTree = "<group>";
		};
		0471D4721D2765FC005B0A2D /* Products */ = {
			isa = PBXGroup;
			children = (
				0471D4711D2765FC005B0A2D /* StarCloset.app */,
			);
			name = Products;
			sourceTree = "<group>";
		};
		0471D4731D2765FC005B0A2D /* StarCloset */ = {
			isa = PBXGroup;
			children = (
				0471D4C21D27C04B005B0A2D /* Config */,
				0471D48E1D2766C3005B0A2D /* Controls */,
				0471D4941D2766C3005B0A2D /* Models */,
				0471D4951D2766C3005B0A2D /* Tools */,
				0471D4961D2766C3005B0A2D /* Views */,
				0471D4AA1D278D27005B0A2D /* Resource */,
				0471D4771D2765FC005B0A2D /* AppDelegate.h */,
				0471D4781D2765FC005B0A2D /* AppDelegate.m */,
				0471D4981D2771F7005B0A2D /* PrefixHeader.pch */,
				0471D4991D277203005B0A2D /* Header.h */,
				0471D4831D2765FC005B0A2D /* Assets.xcassets */,
				0471D4851D2765FC005B0A2D /* LaunchScreen.storyboard */,
				0471D4881D2765FC005B0A2D /* Info.plist */,
				0471D4741D2765FC005B0A2D /* Supporting Files */,
			);
			path = StarCloset;
			sourceTree = "<group>";
		};
		0471D4741D2765FC005B0A2D /* Supporting Files */ = {
			isa = PBXGroup;
			children = (
				0471D4751D2765FC005B0A2D /* main.m */,
			);
			name = "Supporting Files";
			sourceTree = "<group>";
		};
		0471D48E1D2766C3005B0A2D /* Controls */ = {
			isa = PBXGroup;
			children = (
				0471D48F1D2766C3005B0A2D /* ChooseAgeVC */,
				0471D4901D2766C3005B0A2D /* MainVC */,
				0471D4911D2766C3005B0A2D /* WelcomeVC */,
			);
			path = Controls;
			sourceTree = "<group>";
		};
		0471D48F1D2766C3005B0A2D /* ChooseAgeVC */ = {
			isa = PBXGroup;
			children = (
			);
			path = ChooseAgeVC;
			sourceTree = "<group>";
		};
		0471D4901D2766C3005B0A2D /* MainVC */ = {
			isa = PBXGroup;
			children = (
				04A208021D292A8000DD7117 /* StarMainVC */,
				0471D4B11D27AD8C005B0A2D /* CollocationVC */,
				0471D4B41D27AD8C005B0A2D /* CommunityVC */,
				04A208001D292A8000DD7117 /* ManClothVC */,
				04A208011D292A8000DD7117 /* ShoppingVC */,
			);
			path = MainVC;
			sourceTree = "<group>";
		};
		0471D4911D2766C3005B0A2D /* WelcomeVC */ = {
			isa = PBXGroup;
			children = (
				0471D4921D2766C3005B0A2D /* WelcomeViewController.h */,
				0471D4931D2766C3005B0A2D /* WelcomeViewController.m */,
			);
			path = WelcomeVC;
			sourceTree = "<group>";
		};
		0471D4941D2766C3005B0A2D /* Models */ = {
			isa = PBXGroup;
			children = (
			);
			path = Models;
			sourceTree = "<group>";
		};
		0471D4951D2766C3005B0A2D /* Tools */ = {
			isa = PBXGroup;
			children = (
				0471D49B1D2774C5005B0A2D /* RequestTool */,
			);
			path = Tools;
			sourceTree = "<group>";
		};
		0471D4961D2766C3005B0A2D /* Views */ = {
			isa = PBXGroup;
			children = (
			);
			path = Views;
			sourceTree = "<group>";
		};
		0471D49B1D2774C5005B0A2D /* RequestTool */ = {
			isa = PBXGroup;
			children = (
				04A207D51D29260700DD7117 /* RequestClient.h */,
				04A207D61D29260700DD7117 /* RequestClient.m */,
				0471D49C1D2774E4005B0A2D /* RequestTool.h */,
				0471D49D1D2774E4005B0A2D /* RequestTool.m */,
			);
			path = RequestTool;
			sourceTree = "<group>";
		};
		0471D4AA1D278D27005B0A2D /* Resource */ = {
			isa = PBXGroup;
			children = (
				0471D4AB1D278D27005B0A2D /* image */,
			);
			path = Resource;
			sourceTree = "<group>";
		};
		0471D4AB1D278D27005B0A2D /* image */ = {
			isa = PBXGroup;
			children = (
				04A2080F1D292FBB00DD7117 /* bottom_shopping_icon_on@2x.png */,
				04A2080D1D292F8F00DD7117 /* button_pull_home@2x.png */,
				04A207D81D29291D00DD7117 /* bottom_dapei_icon_on@2x.png */,
				04A207DA1D29291D00DD7117 /* bottom_dapei_icon@2x.png */,
				04A207DC1D29291D00DD7117 /* bottom_head_shezhi@2x.png */,
				04A207DE1D29291D00DD7117 /* bottom_head_sort@2x.png */,
				04A207E01D29291D00DD7117 /* bottom_home_icon_on@2x.png */,
				04A207E21D29291D00DD7117 /* bottom_home_icon@2x.png */,
				04A207E41D29291D00DD7117 /* bottom_like_button_on@2x.png */,
				04A207E61D29291D00DD7117 /* bottom_like_button@2x.png */,
				04A207E81D29291D00DD7117 /* bottom_like_icon_on@2x.png */,
				04A207EA1D29291D00DD7117 /* bottom_like_icon@2x.png */,
				0471D4AC1D278D27005B0A2D /* welcome.png */,
			);
			path = image;
			sourceTree = "<group>";
		};
		0471D4B11D27AD8C005B0A2D /* CollocationVC */ = {
			isa = PBXGroup;
			children = (
				0471D4B21D27AD8C005B0A2D /* collocationVC */,
				0471D4B31D27AD8C005B0A2D /* specialVC */,
			);
			path = CollocationVC;
			sourceTree = "<group>";
		};
		0471D4B21D27AD8C005B0A2D /* collocationVC */ = {
			isa = PBXGroup;
			children = (
				0471D4BF1D27AE07005B0A2D /* CollecationViewController.h */,
				0471D4C01D27AE07005B0A2D /* CollecationViewController.m */,
			);
			path = collocationVC;
			sourceTree = "<group>";
		};
		0471D4B31D27AD8C005B0A2D /* specialVC */ = {
			isa = PBXGroup;
			children = (
				0471D4BC1D27ADE7005B0A2D /* SpecialViewController.h */,
				0471D4BD1D27ADE7005B0A2D /* SpecialViewController.m */,
			);
			path = specialVC;
			sourceTree = "<group>";
		};
		0471D4B41D27AD8C005B0A2D /* CommunityVC */ = {
			isa = PBXGroup;
			children = (
				0471D4B91D27ADCB005B0A2D /* CommunityViewController.h */,
				0471D4BA1D27ADCB005B0A2D /* CommunityViewController.m */,
			);
			path = CommunityVC;
			sourceTree = "<group>";
		};
		0471D4C21D27C04B005B0A2D /* Config */ = {
			isa = PBXGroup;
			children = (
				0471D4C41D27C09A005B0A2D /* Config.h */,
				04A208111D2930B200DD7117 /* StarClosetURL.h */,
			);
			path = Config;
			sourceTree = "<group>";
		};
		04A208001D292A8000DD7117 /* ManClothVC */ = {
			isa = PBXGroup;
			children = (
				04A208071D292ADD00DD7117 /* ManViewController.h */,
				04A208081D292ADE00DD7117 /* ManViewController.m */,
			);
			name = ManClothVC;
			path = CommunityVC/ManClothVC;
			sourceTree = "<group>";
		};
		04A208011D292A8000DD7117 /* ShoppingVC */ = {
			isa = PBXGroup;
			children = (
				04A2080A1D292AEF00DD7117 /* ShoppingViewController.h */,
				04A2080B1D292AEF00DD7117 /* ShoppingViewController.m */,
			);
			name = ShoppingVC;
			path = CommunityVC/ShoppingVC;
			sourceTree = "<group>";
		};
		04A208021D292A8000DD7117 /* StarMainVC */ = {
			isa = PBXGroup;
			children = (
				04A208031D292A8000DD7117 /* MainViewController.h */,
				04A208041D292A8000DD7117 /* MainViewController.m */,
			);
			name = StarMainVC;
			path = CommunityVC/StarMainVC;
			sourceTree = "<group>";
		};
		53AED9C014F4EBD11FFE7009 /* Frameworks */ = {
			isa = PBXGroup;
			children = (
				5BD79B2C340CA1F19041F115 /* libPods-StarCloset.a */,
			);
			name = Frameworks;
			sourceTree = "<group>";
		};
		BAA1905F12E8180FB494365D /* Pods */ = {
			isa = PBXGroup;
			children = (
				326CD89BCE74B8F418DAFC22 /* Pods-StarCloset.debug.xcconfig */,
				DC024F58A0C2CBAD4C62AECC /* Pods-StarCloset.release.xcconfig */,
			);
			name = Pods;
			sourceTree = "<group>";
		};
/* End PBXGroup section */

/* Begin PBXNativeTarget section */
		0471D4701D2765FC005B0A2D /* StarCloset */ = {
			isa = PBXNativeTarget;
			buildConfigurationList = 0471D48B1D2765FC005B0A2D /* Build configuration list for PBXNativeTarget "StarCloset" */;
			buildPhases = (
				ADFDA3182576B55D5A88ADBC /* [CP] Check Pods Manifest.lock */,
				0471D46D1D2765FC005B0A2D /* Sources */,
				0471D46E1D2765FC005B0A2D /* Frameworks */,
				0471D46F1D2765FC005B0A2D /* Resources */,
				E80E835429C904A08D7451DF /* [CP] Embed Pods Frameworks */,
				B32240928C459F8545E79F8A /* [CP] Copy Pods Resources */,
			);
			buildRules = (
			);
			dependencies = (
			);
			name = StarCloset;
			productName = StarCloset;
			productReference = 0471D4711D2765FC005B0A2D /* StarCloset.app */;
			productType = "com.apple.product-type.application";
		};
/* End PBXNativeTarget section */

/* Begin PBXProject section */
		0471D4691D2765FC005B0A2D /* Project object */ = {
			isa = PBXProject;
			attributes = {
				LastUpgradeCheck = 0720;
				ORGANIZATIONNAME = "王照柯";
				TargetAttributes = {
					0471D4701D2765FC005B0A2D = {
						CreatedOnToolsVersion = 7.2;
					};
				};
			};
			buildConfigurationList = 0471D46C1D2765FC005B0A2D /* Build configuration list for PBXProject "StarCloset" */;
			compatibilityVersion = "Xcode 3.2";
			developmentRegion = English;
			hasScannedForEncodings = 0;
			knownRegions = (
				en,
				Base,
			);
			mainGroup = 0471D4681D2765FC005B0A2D;
			productRefGroup = 0471D4721D2765FC005B0A2D /* Products */;
			projectDirPath = "";
			projectRoot = "";
			targets = (
				0471D4701D2765FC005B0A2D /* StarCloset */,
			);
		};
/* End PBXProject section */

/* Begin PBXResourcesBuildPhase section */
		0471D46F1D2765FC005B0A2D /* Resources */ = {
			isa = PBXResourcesBuildPhase;
			buildActionMask = 2147483647;
			files = (
				04A207FA1D29291D00DD7117 /* bottom_like_button@2x.png in Resources */,
				04A207F61D29291D00DD7117 /* bottom_home_icon@2x.png in Resources */,
				0471D4AD1D278D27005B0A2D /* welcome.png in Resources */,
				04A207F21D29291D00DD7117 /* bottom_head_sort@2x.png in Resources */,
				0471D4871D2765FC005B0A2D /* LaunchScreen.storyboard in Resources */,
				04A207FE1D29291D00DD7117 /* bottom_like_icon@2x.png in Resources */,
				0471D4841D2765FC005B0A2D /* Assets.xcassets in Resources */,
				04A207EE1D29291D00DD7117 /* bottom_dapei_icon@2x.png in Resources */,
				04A2080E1D292F8F00DD7117 /* button_pull_home@2x.png in Resources */,
				04A207F81D29291D00DD7117 /* bottom_like_button_on@2x.png in Resources */,
				04A207F41D29291D00DD7117 /* bottom_home_icon_on@2x.png in Resources */,
				04A207F01D29291D00DD7117 /* bottom_head_shezhi@2x.png in Resources */,
				04A207FC1D29291D00DD7117 /* bottom_like_icon_on@2x.png in Resources */,
				04A207EC1D29291D00DD7117 /* bottom_dapei_icon_on@2x.png in Resources */,
				04A208101D292FBB00DD7117 /* bottom_shopping_icon_on@2x.png in Resources */,
			);
			runOnlyForDeploymentPostprocessing = 0;
		};
/* End PBXResourcesBuildPhase section */

/* Begin PBXShellScriptBuildPhase section */
		ADFDA3182576B55D5A88ADBC /* [CP] Check Pods Manifest.lock */ = {
			isa = PBXShellScriptBuildPhase;
			buildActionMask = 2147483647;
			files = (
			);
			inputPaths = (
			);
			name = "[CP] Check Pods Manifest.lock";
			outputPaths = (
			);
			runOnlyForDeploymentPostprocessing = 0;
			shellPath = /bin/sh;
			shellScript = "diff \"${PODS_ROOT}/../Podfile.lock\" \"${PODS_ROOT}/Manifest.lock\" > /dev/null\nif [[ $? != 0 ]] ; then\n    cat << EOM\nerror: The sandbox is not in sync with the Podfile.lock. Run 'pod install' or update your CocoaPods installation.\nEOM\n    exit 1\nfi\n";
			showEnvVarsInLog = 0;
		};
		B32240928C459F8545E79F8A /* [CP] Copy Pods Resources */ = {
			isa = PBXShellScriptBuildPhase;
			buildActionMask = 2147483647;
			files = (
			);
			inputPaths = (
			);
			name = "[CP] Copy Pods Resources";
			outputPaths = (
			);
			runOnlyForDeploymentPostprocessing = 0;
			shellPath = /bin/sh;
			shellScript = "\"${SRCROOT}/Pods/Target Support Files/Pods-StarCloset/Pods-StarCloset-resources.sh\"\n";
			showEnvVarsInLog = 0;
		};
		E80E835429C904A08D7451DF /* [CP] Embed Pods Frameworks */ = {
			isa = PBXShellScriptBuildPhase;
			buildActionMask = 2147483647;
			files = (
			);
			inputPaths = (
			);
			name = "[CP] Embed Pods Frameworks";
			outputPaths = (
			);
			runOnlyForDeploymentPostprocessing = 0;
			shellPath = /bin/sh;
			shellScript = "\"${SRCROOT}/Pods/Target Support Files/Pods-StarCloset/Pods-StarCloset-frameworks.sh\"\n";
			showEnvVarsInLog = 0;
		};
/* End PBXShellScriptBuildPhase section */

/* Begin PBXSourcesBuildPhase section */
		0471D46D1D2765FC005B0A2D /* Sources */ = {
			isa = PBXSourcesBuildPhase;
			buildActionMask = 2147483647;
			files = (
				0471D4BB1D27ADCB005B0A2D /* CommunityViewController.m in Sources */,
				0471D4791D2765FC005B0A2D /* AppDelegate.m in Sources */,
				04A207D71D29260700DD7117 /* RequestClient.m in Sources */,
				0471D4C11D27AE07005B0A2D /* CollecationViewController.m in Sources */,
				04A2080C1D292AEF00DD7117 /* ShoppingViewController.m in Sources */,
				04A208051D292A8000DD7117 /* MainViewController.m in Sources */,
				0471D4971D2766C3005B0A2D /* WelcomeViewController.m in Sources */,
				0471D4761D2765FC005B0A2D /* main.m in Sources */,
				0471D4BE1D27ADE7005B0A2D /* SpecialViewController.m in Sources */,
				0471D49E1D2774E4005B0A2D /* RequestTool.m in Sources */,
				04A208091D292ADE00DD7117 /* ManViewController.m in Sources */,
			);
			runOnlyForDeploymentPostprocessing = 0;
		};
/* End PBXSourcesBuildPhase section */

/* Begin PBXVariantGroup section */
		0471D4851D2765FC005B0A2D /* LaunchScreen.storyboard */ = {
			isa = PBXVariantGroup;
			children = (
				0471D4861D2765FC005B0A2D /* Base */,
			);
			name = LaunchScreen.storyboard;
			sourceTree = "<group>";
		};
/* End PBXVariantGroup section */

/* Begin XCBuildConfiguration section */
		0471D4891D2765FC005B0A2D /* Debug */ = {
			isa = XCBuildConfiguration;
			buildSettings = {
				ALWAYS_SEARCH_USER_PATHS = NO;
				CLANG_CXX_LANGUAGE_STANDARD = "gnu++0x";
				CLANG_CXX_LIBRARY = "libc++";
				CLANG_ENABLE_MODULES = YES;
				CLANG_ENABLE_OBJC_ARC = YES;
				CLANG_WARN_BOOL_CONVERSION = YES;
				CLANG_WARN_CONSTANT_CONVERSION = YES;
				CLANG_WARN_DIRECT_OBJC_ISA_USAGE = YES_ERROR;
				CLANG_WARN_EMPTY_BODY = YES;
				CLANG_WARN_ENUM_CONVERSION = YES;
				CLANG_WARN_INT_CONVERSION = YES;
				CLANG_WARN_OBJC_ROOT_CLASS = YES_ERROR;
				CLANG_WARN_UNREACHABLE_CODE = YES;
				CLANG_WARN__DUPLICATE_METHOD_MATCH = YES;
				"CODE_SIGN_IDENTITY[sdk=iphoneos*]" = "iPhone Developer";
				COPY_PHASE_STRIP = NO;
				DEBUG_INFORMATION_FORMAT = dwarf;
				ENABLE_STRICT_OBJC_MSGSEND = YES;
				ENABLE_TESTABILITY = YES;
				GCC_C_LANGUAGE_STANDARD = gnu99;
				GCC_DYNAMIC_NO_PIC = NO;
				GCC_NO_COMMON_BLOCKS = YES;
				GCC_OPTIMIZATION_LEVEL = 0;
				GCC_PREPROCESSOR_DEFINITIONS = (
					"DEBUG=1",
					"$(inherited)",
				);
				GCC_WARN_64_TO_32_BIT_CONVERSION = YES;
				GCC_WARN_ABOUT_RETURN_TYPE = YES_ERROR;
				GCC_WARN_UNDECLARED_SELECTOR = YES;
				GCC_WARN_UNINITIALIZED_AUTOS = YES_AGGRESSIVE;
				GCC_WARN_UNUSED_FUNCTION = YES;
				GCC_WARN_UNUSED_VARIABLE = YES;
				IPHONEOS_DEPLOYMENT_TARGET = 9.2;
				MTL_ENABLE_DEBUG_INFO = YES;
				ONLY_ACTIVE_ARCH = YES;
				SDKROOT = iphoneos;
			};
			name = Debug;
		};
		0471D48A1D2765FC005B0A2D /* Release */ = {
			isa = XCBuildConfiguration;
			buildSettings = {
				ALWAYS_SEARCH_USER_PATHS = NO;
				CLANG_CXX_LANGUAGE_STANDARD = "gnu++0x";
				CLANG_CXX_LIBRARY = "libc++";
				CLANG_ENABLE_MODULES = YES;
				CLANG_ENABLE_OBJC_ARC = YES;
				CLANG_WARN_BOOL_CONVERSION = YES;
				CLANG_WARN_CONSTANT_CONVERSION = YES;
				CLANG_WARN_DIRECT_OBJC_ISA_USAGE = YES_ERROR;
				CLANG_WARN_EMPTY_BODY = YES;
				CLANG_WARN_ENUM_CONVERSION = YES;
				CLANG_WARN_INT_CONVERSION = YES;
				CLANG_WARN_OBJC_ROOT_CLASS = YES_ERROR;
				CLANG_WARN_UNREACHABLE_CODE = YES;
				CLANG_WARN__DUPLICATE_METHOD_MATCH = YES;
				"CODE_SIGN_IDENTITY[sdk=iphoneos*]" = "iPhone Developer";
				COPY_PHASE_STRIP = NO;
				DEBUG_INFORMATION_FORMAT = "dwarf-with-dsym";
				ENABLE_NS_ASSERTIONS = NO;
				ENABLE_STRICT_OBJC_MSGSEND = YES;
				GCC_C_LANGUAGE_STANDARD = gnu99;
				GCC_NO_COMMON_BLOCKS = YES;
				GCC_WARN_64_TO_32_BIT_CONVERSION = YES;
				GCC_WARN_ABOUT_RETURN_TYPE = YES_ERROR;
				GCC_WARN_UNDECLARED_SELECTOR = YES;
				GCC_WARN_UNINITIALIZED_AUTOS = YES_AGGRESSIVE;
				GCC_WARN_UNUSED_FUNCTION = YES;
				GCC_WARN_UNUSED_VARIABLE = YES;
				IPHONEOS_DEPLOYMENT_TARGET = 9.2;
				MTL_ENABLE_DEBUG_INFO = NO;
				SDKROOT = iphoneos;
				VALIDATE_PRODUCT = YES;
			};
			name = Release;
		};
		0471D48C1D2765FC005B0A2D /* Debug */ = {
			isa = XCBuildConfiguration;
			baseConfigurationReference = 326CD89BCE74B8F418DAFC22 /* Pods-StarCloset.debug.xcconfig */;
			buildSettings = {
				ASSETCATALOG_COMPILER_APPICON_NAME = AppIcon;
				GCC_PREFIX_HEADER = "${SRCROOT}/StarCloset/PrefixHeader.pch";
				INFOPLIST_FILE = StarCloset/Info.plist;
				LD_RUNPATH_SEARCH_PATHS = "$(inherited) @executable_path/Frameworks";
				PRODUCT_BUNDLE_IDENTIFIER = com.qp.StarCloset;
				PRODUCT_NAME = "$(TARGET_NAME)";
				USER_HEADER_SEARCH_PATHS = "${SRCROOT}/**";
			};
			name = Debug;
		};
		0471D48D1D2765FC005B0A2D /* Release */ = {
			isa = XCBuildConfiguration;
			baseConfigurationReference = DC024F58A0C2CBAD4C62AECC /* Pods-StarCloset.release.xcconfig */;
			buildSettings = {
				ASSETCATALOG_COMPILER_APPICON_NAME = AppIcon;
				GCC_PREFIX_HEADER = "${SRCROOT}/StarCloset/PrefixHeader.pch";
				INFOPLIST_FILE = StarCloset/Info.plist;
				LD_RUNPATH_SEARCH_PATHS = "$(inherited) @executable_path/Frameworks";
				PRODUCT_BUNDLE_IDENTIFIER = com.qp.StarCloset;
				PRODUCT_NAME = "$(TARGET_NAME)";
				USER_HEADER_SEARCH_PATHS = "${SRCROOT}/**";
			};
			name = Release;
		};
/* End XCBuildConfiguration section */

/* Begin XCConfigurationList section */
		0471D46C1D2765FC005B0A2D /* Build configuration list for PBXProject "StarCloset" */ = {
			isa = XCConfigurationList;
			buildConfigurations = (
				0471D4891D2765FC005B0A2D /* Debug */,
				0471D48A1D2765FC005B0A2D /* Release */,
			);
			defaultConfigurationIsVisible = 0;
			defaultConfigurationName = Release;
		};
		0471D48B1D2765FC005B0A2D /* Build configuration list for PBXNativeTarget "StarCloset" */ = {
			isa = XCConfigurationList;
			buildConfigurations = (
				0471D48C1D2765FC005B0A2D /* Debug */,
				0471D48D1D2765FC005B0A2D /* Release */,
			);
			defaultConfigurationIsVisible = 0;
			defaultConfigurationName = Release;
		};
/* End XCConfigurationList section */
	};
	rootObject = 0471D4691D2765FC005B0A2D /* Project object */;
}
